
Microsoft Visual Studio Solution File, Format Version 12.00
# Visual Studio 15
VisualStudioVersion = 15.0.28307.1433
MinimumVisualStudioVersion = 10.0.40219.1
Project("{FAE04EC0-301F-11D3-BF4B-00C04F79EFBC}") = "Interface", "Atividade 2 POO II - UNIP\Interface.csproj", "{1066AB31-F44D-416D-8A9B-D8FC4E02889E}"
EndProject
Project("{FAE04EC0-301F-11D3-BF4B-00C04F79EFBC}") = "Negocio", "Negocio\Negocio.csproj", "{3A4F8F0D-A282-4E53-A90D-547F2BC01843}"
EndProject
Project("{FAE04EC0-301F-11D3-BF4B-00C04F79EFBC}") = "Banco", "Banco\Banco.csproj", "{F5EE587C-078D-4FA1-BD56-E87BF3B018A4}"
EndProject
Global
	GlobalSection(SolutionConfigurationPlatforms) = preSolution
		Debug|Any CPU = Debug|Any CPU
		Release|Any CPU = Release|Any CPU
	EndGlobalSection
	GlobalSection(ProjectConfigurationPlatforms) = postSolution
		{1066AB31-F44D-416D-8A9B-D8FC4E02889E}.Debug|Any CPU.ActiveCfg = Debug|Any CPU
		{1066AB31-F44D-416D-8A9B-D8FC4E02889E}.Debug|Any CPU.Build.0 = Debug|Any CPU
		{1066AB31-F44D-416D-8A9B-D8FC4E02889E}.Release|Any CPU.ActiveCfg = Release|Any CPU
		{1066AB31-F44D-416D-8A9B-D8FC4E02889E}.Release|Any CPU.Build.0 = Release|Any CPU
		{3A4F8F0D-A282-4E53-A90D-547F2BC01843}.Debug|Any CPU.ActiveCfg = Debug|Any CPU
		{3A4F8F0D-A282-4E53-A90D-547F2BC01843}.Debug|Any CPU.Build.0 = Debug|Any CPU
		{3A4F8F0D-A282-4E53-A90D-547F2BC01843}.Release|Any CPU.ActiveCfg = Release|Any CPU
		{3A4F8F0D-A282-4E53-A90D-547F2BC01843}.Release|Any CPU.Build.0 = Release|Any CPU
		{F5EE587C-078D-4FA1-BD56-E87BF3B018A4}.Debug|Any CPU.ActiveCfg = Debug|Any CPU
		{F5EE587C-078D-4FA1-BD56-E87BF3B018A4}.Debug|Any CPU.Build.0 = Debug|Any CPU
		{F5EE587C-078D-4FA1-BD56-E87BF3B018A4}.Release|Any CPU.ActiveCfg = Release|Any CPU
		{F5EE587C-078D-4FA1-BD56-E87BF3B018A4}.Release|Any CPU.Build.0 = Release|Any CPU
	EndGlobalSection
	GlobalSection(SolutionProperties) = preSolution
		HideSolutionNode = FALSE
	EndGlobalSection
	GlobalSection(ExtensibilityGlobals) = postSolution
		SolutionGuid = {7ED75AD3-AFD2-4971-80A4-3A708CEB7A8F}
	EndGlobalSection
EndGlobal
